
Microsoft Visual Studio Solution File, Format Version 12.00
# Visual Studio Express 15 for Windows Desktop
VisualStudioVersion = 15.0.28307.329
MinimumVisualStudioVersion = 10.0.40219.1
Project("{FAE04EC0-301F-11D3-BF4B-00C04F79EFBC}") = "Breakout", "Breakout\Breakout.csproj", "{C1F0A13B-5201-418E-B73C-38987992C2D0}"
EndProject
Global
	GlobalSection(SolutionConfigurationPlatforms) = preSolution
		Debug|Any CPU = Debug|Any CPU
		Release|Any CPU = Release|Any CPU
	EndGlobalSection
	GlobalSection(ProjectConfigurationPlatforms) = postSolution
		{C1F0A13B-5201-418E-B73C-38987992C2D0}.Debug|Any CPU.ActiveCfg = Debug|Any CPU
		{C1F0A13B-5201-418E-B73C-38987992C2D0}.Debug|Any CPU.Build.0 = Debug|Any CPU
		{C1F0A13B-5201-418E-B73C-38987992C2D0}.Release|Any CPU.ActiveCfg = Release|Any CPU
		{C1F0A13B-5201-418E-B73C-38987992C2D0}.Release|Any CPU.Build.0 = Release|Any CPU
	EndGlobalSection
	GlobalSection(SolutionProperties) = preSolution
		HideSolutionNode = FALSE
	EndGlobalSection
	GlobalSection(ExtensibilityGlobals) = postSolution
		SolutionGuid = {DC19DBFA-473B-48F3-939B-824FAA459CB8}
	EndGlobalSection
EndGlobal
